// !$*UTF8*$!
{
	archiveVersion = 1;
	classes = {
	};
	objectVersion = 56;
	objects = {

/* Begin PBXBuildFile section */
		1831B2C42C59685D00683342 /* SafariView.swift in Sources */ = {isa = PBXBuildFile; fileRef = 1831B2C32C59685D00683342 /* SafariView.swift */; };
		1831B2C62C596FF300683342 /* XmarkButton.swift in Sources */ = {isa = PBXBuildFile; fileRef = 1831B2C52C596FF300683342 /* XmarkButton.swift */; };
		1899AF592C57FEEF00B18CF5 /* Apple_FramworkApp.swift in Sources */ = {isa = PBXBuildFile; fileRef = 1899AF582C57FEEF00B18CF5 /* Apple_FramworkApp.swift */; };
		1899AF5D2C57FEF000B18CF5 /* Assets.xcassets in Resources */ = {isa = PBXBuildFile; fileRef = 1899AF5C2C57FEF000B18CF5 /* Assets.xcassets */; };
		1899AF602C57FEF000B18CF5 /* Preview Assets.xcassets in Resources */ = {isa = PBXBuildFile; fileRef = 1899AF5F2C57FEF000B18CF5 /* Preview Assets.xcassets */; };
		1899AF672C57FF6100B18CF5 /* Framwork.swift in Sources */ = {isa = PBXBuildFile; fileRef = 1899AF662C57FF6100B18CF5 /* Framwork.swift */; };
		1899AF692C58027000B18CF5 /* FramworkGridView.swift in Sources */ = {isa = PBXBuildFile; fileRef = 1899AF682C58027000B18CF5 /* FramworkGridView.swift */; };
		1899AF6B2C58106700B18CF5 /* FramworkDetailsView.swift in Sources */ = {isa = PBXBuildFile; fileRef = 1899AF6A2C58106700B18CF5 /* FramworkDetailsView.swift */; };
		1899AF6D2C581D8C00B18CF5 /* AFButton.swift in Sources */ = {isa = PBXBuildFile; fileRef = 1899AF6C2C581D8C00B18CF5 /* AFButton.swift */; };
		1899AF6F2C5822A300B18CF5 /* FramworkViewModel.swift in Sources */ = {isa = PBXBuildFile; fileRef = 1899AF6E2C5822A300B18CF5 /* FramworkViewModel.swift */; };
/* End PBXBuildFile section */

/* Begin PBXFileReference section */
		1831B2C32C59685D00683342 /* SafariView.swift */ = {isa = PBXFileReference; lastKnownFileType = sourcecode.swift; path = SafariView.swift; sourceTree = "<group>"; };
		1831B2C52C596FF300683342 /* XmarkButton.swift */ = {isa = PBXFileReference; lastKnownFileType = sourcecode.swift; path = XmarkButton.swift; sourceTree = "<group>"; };
		1899AF552C57FEEF00B18CF5 /* Apple-Framwork.app */ = {isa = PBXFileReference; explicitFileType = wrapper.application; includeInIndex = 0; path = "Apple-Framwork.app"; sourceTree = BUILT_PRODUCTS_DIR; };
		1899AF582C57FEEF00B18CF5 /* Apple_FramworkApp.swift */ = {isa = PBXFileReference; lastKnownFileType = sourcecode.swift; path = Apple_FramworkApp.swift; sourceTree = "<group>"; };
		1899AF5C2C57FEF000B18CF5 /* Assets.xcassets */ = {isa = PBXFileReference; lastKnownFileType = folder.assetcatalog; path = Assets.xcassets; sourceTree = "<group>"; };
		1899AF5F2C57FEF000B18CF5 /* Preview Assets.xcassets */ = {isa = PBXFileReference; lastKnownFileType = folder.assetcatalog; path = "Preview Assets.xcassets"; sourceTree = "<group>"; };
		1899AF662C57FF6100B18CF5 /* Framwork.swift */ = {isa = PBXFileReference; lastKnownFileType = sourcecode.swift; path = Framwork.swift; sourceTree = "<group>"; };
		1899AF682C58027000B18CF5 /* FramworkGridView.swift */ = {isa = PBXFileReference; lastKnownFileType = sourcecode.swift; path = FramworkGridView.swift; sourceTree = "<group>"; };
		1899AF6A2C58106700B18CF5 /* FramworkDetailsView.swift */ = {isa = PBXFileReference; lastKnownFileType = sourcecode.swift; path = FramworkDetailsView.swift; sourceTree = "<group>"; };
		1899AF6C2C581D8C00B18CF5 /* AFButton.swift */ = {isa = PBXFileReference; lastKnownFileType = sourcecode.swift; path = AFButton.swift; sourceTree = "<group>"; };
		1899AF6E2C5822A300B18CF5 /* FramworkViewModel.swift */ = {isa = PBXFileReference; lastKnownFileType = sourcecode.swift; path = FramworkViewModel.swift; sourceTree = "<group>"; };
/* End PBXFileReference section */

/* Begin PBXFrameworksBuildPhase section */
		1899AF522C57FEEF00B18CF5 /* Frameworks */ = {
			isa = PBXFrameworksBuildPhase;
			buildActionMask = 2147483647;
			files = (
			);
			runOnlyForDeploymentPostprocessing = 0;
		};
/* End PBXFrameworksBuildPhase section */

/* Begin PBXGroup section */
		1831B2C82C5972A600683342 /* Model */ = {
			isa = PBXGroup;
			children = (
				1899AF662C57FF6100B18CF5 /* Framwork.swift */,
				1899AF6E2C5822A300B18CF5 /* FramworkViewModel.swift */,
			);
			path = Model;
			sourceTree = "<group>";
		};
		1831B2C92C5972E400683342 /* Screens */ = {
			isa = PBXGroup;
			children = (
				1831B2CA2C5972FE00683342 /* FramworksGridView */,
				1831B2CD2C59740900683342 /* FramworkDetailsView */,
			);
			path = Screens;
			sourceTree = "<group>";
		};
		1831B2CA2C5972FE00683342 /* FramworksGridView */ = {
			isa = PBXGroup;
			children = (
				1899AF682C58027000B18CF5 /* FramworkGridView.swift */,
			);
			path = FramworksGridView;
			sourceTree = "<group>";
		};
		1831B2CB2C5973C200683342 /* Views */ = {
			isa = PBXGroup;
			children = (
				1831B2CC2C5973E500683342 /* Buttons */,
			);
			path = Views;
			sourceTree = "<group>";
		};
		1831B2CC2C5973E500683342 /* Buttons */ = {
			isa = PBXGroup;
			children = (
				1831B2C52C596FF300683342 /* XmarkButton.swift */,
				1899AF6C2C581D8C00B18CF5 /* AFButton.swift */,
			);
			path = Buttons;
			sourceTree = "<group>";
		};
		1831B2CD2C59740900683342 /* FramworkDetailsView */ = {
			isa = PBXGroup;
			children = (
				1899AF6A2C58106700B18CF5 /* FramworkDetailsView.swift */,
			);
			path = FramworkDetailsView;
			sourceTree = "<group>";
		};
		1831B2CE2C59745B00683342 /* UI Components */ = {
			isa = PBXGroup;
			children = (
				1831B2C32C59685D00683342 /* SafariView.swift */,
			);
			path = "UI Components";
			sourceTree = "<group>";
		};
		1899AF4C2C57FEEF00B18CF5 = {
			isa = PBXGroup;
			children = (
				1899AF572C57FEEF00B18CF5 /* Apple-Framwork */,
				1899AF562C57FEEF00B18CF5 /* Products */,
			);
			sourceTree = "<group>";
		};
		1899AF562C57FEEF00B18CF5 /* Products */ = {
			isa = PBXGroup;
			children = (
				1899AF552C57FEEF00B18CF5 /* Apple-Framwork.app */,
			);
			name = Products;
			sourceTree = "<group>";
		};
		1899AF572C57FEEF00B18CF5 /* Apple-Framwork */ = {
			isa = PBXGroup;
			children = (
				1831B2CE2C59745B00683342 /* UI Components */,
				1831B2CB2C5973C200683342 /* Views */,
				1831B2C92C5972E400683342 /* Screens */,
				1831B2C82C5972A600683342 /* Model */,
				1899AF582C57FEEF00B18CF5 /* Apple_FramworkApp.swift */,
				1899AF5C2C57FEF000B18CF5 /* Assets.xcassets */,
				1899AF5E2C57FEF000B18CF5 /* Preview Content */,
			);
			path = "Apple-Framwork";
			sourceTree = "<group>";
		};
		1899AF5E2C57FEF000B18CF5 /* Preview Content */ = {
			isa = PBXGroup;
			children = (
				1899AF5F2C57FEF000B18CF5 /* Preview Assets.xcassets */,
			);
			path = "Preview Content";
			sourceTree = "<group>";
		};
/* End PBXGroup section */

/* Begin PBXNativeTarget section */
		1899AF542C57FEEF00B18CF5 /* Apple-Framwork */ = {
			isa = PBXNativeTarget;
			buildConfigurationList = 1899AF632C57FEF000B18CF5 /* Build configuration list for PBXNativeTarget "Apple-Framwork" */;
			buildPhases = (
				1899AF512C57FEEF00B18CF5 /* Sources */,
				1899AF522C57FEEF00B18CF5 /* Frameworks */,
				1899AF532C57FEEF00B18CF5 /* Resources */,
			);
			buildRules = (
			);
			dependencies = (
			);
			name = "Apple-Framwork";
			productName = "Apple-Framwork";
			productReference = 1899AF552C57FEEF00B18CF5 /* Apple-Framwork.app */;
			productType = "com.apple.product-type.application";
		};
/* End PBXNativeTarget section */

/* Begin PBXProject section */
		1899AF4D2C57FEEF00B18CF5 /* Project object */ = {
			isa = PBXProject;
			attributes = {
				BuildIndependentTargetsInParallel = 1;
				LastSwiftUpdateCheck = 1540;
				LastUpgradeCheck = 1540;
				TargetAttributes = {
					1899AF542C57FEEF00B18CF5 = {
						CreatedOnToolsVersion = 15.4;
					};
				};
			};
			buildConfigurationList = 1899AF502C57FEEF00B18CF5 /* Build configuration list for PBXProject "Apple-Framwork" */;
			compatibilityVersion = "Xcode 14.0";
			developmentRegion = en;
			hasScannedForEncodings = 0;
			knownRegions = (
				en,
				Base,
			);
			mainGroup = 1899AF4C2C57FEEF00B18CF5;
			productRefGroup = 1899AF562C57FEEF00B18CF5 /* Products */;
			projectDirPath = "";
			projectRoot = "";
			targets = (
				1899AF542C57FEEF00B18CF5 /* Apple-Framwork */,
			);
		};
/* End PBXProject section */

/* Begin PBXResourcesBuildPhase section */
		1899AF532C57FEEF00B18CF5 /* Resources */ = {
			isa = PBXResourcesBuildPhase;
			buildActionMask = 2147483647;
			files = (
				1899AF602C57FEF000B18CF5 /* Preview Assets.xcassets in Resources */,
				1899AF5D2C57FEF000B18CF5 /* Assets.xcassets in Resources */,
			);
			runOnlyForDeploymentPostprocessing = 0;
		};
/* End PBXResourcesBuildPhase section */

/* Begin PBXSourcesBuildPhase section */
		1899AF512C57FEEF00B18CF5 /* Sources */ = {
			isa = PBXSourcesBuildPhase;
			buildActionMask = 2147483647;
			files = (
				1899AF692C58027000B18CF5 /* FramworkGridView.swift in Sources */,
				1899AF6F2C5822A300B18CF5 /* FramworkViewModel.swift in Sources */,
				1899AF672C57FF6100B18CF5 /* Framwork.swift in Sources */,
				1831B2C62C596FF300683342 /* XmarkButton.swift in Sources */,
				1899AF6B2C58106700B18CF5 /* FramworkDetailsView.swift in Sources */,
				1899AF6D2C581D8C00B18CF5 /* AFButton.swift in Sources */,
				1899AF592C57FEEF00B18CF5 /* Apple_FramworkApp.swift in Sources */,
				1831B2C42C59685D00683342 /* SafariView.swift in Sources */,
			);
			runOnlyForDeploymentPostprocessing = 0;
		};
/* End PBXSourcesBuildPhase section */

/* Begin XCBuildConfiguration section */
		1899AF612C57FEF000B18CF5 /* Debug */ = {
			isa = XCBuildConfiguration;
			buildSettings = {
				ALWAYS_SEARCH_USER_PATHS = NO;
				ASSETCATALOG_COMPILER_GENERATE_SWIFT_ASSET_SYMBOL_EXTENSIONS = YES;
				CLANG_ANALYZER_NONNULL = YES;
				CLANG_ANALYZER_NUMBER_OBJECT_CONVERSION = YES_AGGRESSIVE;
				CLANG_CXX_LANGUAGE_STANDARD = "gnu++20";
				CLANG_ENABLE_MODULES = YES;
				CLANG_ENABLE_OBJC_ARC = YES;
				CLANG_ENABLE_OBJC_WEAK = YES;
				CLANG_WARN_BLOCK_CAPTURE_AUTORELEASING = YES;
				CLANG_WARN_BOOL_CONVERSION = YES;
				CLANG_WARN_COMMA = YES;
				CLANG_WARN_CONSTANT_CONVERSION = YES;
				CLANG_WARN_DEPRECATED_OBJC_IMPLEMENTATIONS = YES;
				CLANG_WARN_DIRECT_OBJC_ISA_USAGE = YES_ERROR;
				CLANG_WARN_DOCUMENTATION_COMMENTS = YES;
				CLANG_WARN_EMPTY_BODY = YES;
				CLANG_WARN_ENUM_CONVERSION = YES;
				CLANG_WARN_INFINITE_RECURSION = YES;
				CLANG_WARN_INT_CONVERSION = YES;
				CLANG_WARN_NON_LITERAL_NULL_CONVERSION = YES;
				CLANG_WARN_OBJC_IMPLICIT_RETAIN_SELF = YES;
				CLANG_WARN_OBJC_LITERAL_CONVERSION = YES;
				CLANG_WARN_OBJC_ROOT_CLASS = YES_ERROR;
				CLANG_WARN_QUOTED_INCLUDE_IN_FRAMEWORK_HEADER = YES;
				CLANG_WARN_RANGE_LOOP_ANALYSIS = YES;
				CLANG_WARN_STRICT_PROTOTYPES = YES;
				CLANG_WARN_SUSPICIOUS_MOVE = YES;
				CLANG_WARN_UNGUARDED_AVAILABILITY = YES_AGGRESSIVE;
				CLANG_WARN_UNREACHABLE_CODE = YES;
				CLANG_WARN__DUPLICATE_METHOD_MATCH = YES;
				COPY_PHASE_STRIP = NO;
				DEBUG_INFORMATION_FORMAT = dwarf;
				ENABLE_STRICT_OBJC_MSGSEND = YES;
				ENABLE_TESTABILITY = YES;
				ENABLE_USER_SCRIPT_SANDBOXING = YES;
				GCC_C_LANGUAGE_STANDARD = gnu17;
				GCC_DYNAMIC_NO_PIC = NO;
				GCC_NO_COMMON_BLOCKS = YES;
				GCC_OPTIMIZATION_LEVEL = 0;
				GCC_PREPROCESSOR_DEFINITIONS = (
					"DEBUG=1",
					"$(inherited)",
				);
				GCC_WARN_64_TO_32_BIT_CONVERSION = YES;
				GCC_WARN_ABOUT_RETURN_TYPE = YES_ERROR;
				GCC_WARN_UNDECLARED_SELECTOR = YES;
				GCC_WARN_UNINITIALIZED_AUTOS = YES_AGGRESSIVE;
				GCC_WARN_UNUSED_FUNCTION = YES;
				GCC_WARN_UNUSED_VARIABLE = YES;
				IPHONEOS_DEPLOYMENT_TARGET = 17.5;
				LOCALIZATION_PREFERS_STRING_CATALOGS = YES;
				MTL_ENABLE_DEBUG_INFO = INCLUDE_SOURCE;
				MTL_FAST_MATH = YES;
				ONLY_ACTIVE_ARCH = YES;
				SDKROOT = iphoneos;
				SWIFT_ACTIVE_COMPILATION_CONDITIONS = "DEBUG $(inherited)";
				SWIFT_OPTIMIZATION_LEVEL = "-Onone";
			};
			name = Debug;
		};
		1899AF622C57FEF000B18CF5 /* Release */ = {
			isa = XCBuildConfiguration;
			buildSettings = {
				ALWAYS_SEARCH_USER_PATHS = NO;
				ASSETCATALOG_COMPILER_GENERATE_SWIFT_ASSET_SYMBOL_EXTENSIONS = YES;
				CLANG_ANALYZER_NONNULL = YES;
				CLANG_ANALYZER_NUMBER_OBJECT_CONVERSION = YES_AGGRESSIVE;
				CLANG_CXX_LANGUAGE_STANDARD = "gnu++20";
				CLANG_ENABLE_MODULES = YES;
				CLANG_ENABLE_OBJC_ARC = YES;
				CLANG_ENABLE_OBJC_WEAK = YES;
				CLANG_WARN_BLOCK_CAPTURE_AUTORELEASING = YES;
				CLANG_WARN_BOOL_CONVERSION = YES;
				CLANG_WARN_COMMA = YES;
				CLANG_WARN_CONSTANT_CONVERSION = YES;
				CLANG_WARN_DEPRECATED_OBJC_IMPLEMENTATIONS = YES;
				CLANG_WARN_DIRECT_OBJC_ISA_USAGE = YES_ERROR;
				CLANG_WARN_DOCUMENTATION_COMMENTS = YES;
				CLANG_WARN_EMPTY_BODY = YES;
				CLANG_WARN_ENUM_CONVERSION = YES;
				CLANG_WARN_INFINITE_RECURSION = YES;
				CLANG_WARN_INT_CONVERSION = YES;
				CLANG_WARN_NON_LITERAL_NULL_CONVERSION = YES;
				CLANG_WARN_OBJC_IMPLICIT_RETAIN_SELF = YES;
				CLANG_WARN_OBJC_LITERAL_CONVERSION = YES;
				CLANG_WARN_OBJC_ROOT_CLASS = YES_ERROR;
				CLANG_WARN_QUOTED_INCLUDE_IN_FRAMEWORK_HEADER = YES;
				CLANG_WARN_RANGE_LOOP_ANALYSIS = YES;
				CLANG_WARN_STRICT_PROTOTYPES = YES;
				CLANG_WARN_SUSPICIOUS_MOVE = YES;
				CLANG_WARN_UNGUARDED_AVAILABILITY = YES_AGGRESSIVE;
				CLANG_WARN_UNREACHABLE_CODE = YES;
				CLANG_WARN__DUPLICATE_METHOD_MATCH = YES;
				COPY_PHASE_STRIP = NO;
				DEBUG_INFORMATION_FORMAT = "dwarf-with-dsym";
				ENABLE_NS_ASSERTIONS = NO;
				ENABLE_STRICT_OBJC_MSGSEND = YES;
				ENABLE_USER_SCRIPT_SANDBOXING = YES;
				GCC_C_LANGUAGE_STANDARD = gnu17;
				GCC_NO_COMMON_BLOCKS = YES;
				GCC_WARN_64_TO_32_BIT_CONVERSION = YES;
				GCC_WARN_ABOUT_RETURN_TYPE = YES_ERROR;
				GCC_WARN_UNDECLARED_SELECTOR = YES;
				GCC_WARN_UNINITIALIZED_AUTOS = YES_AGGRESSIVE;
				GCC_WARN_UNUSED_FUNCTION = YES;
				GCC_WARN_UNUSED_VARIABLE = YES;
				IPHONEOS_DEPLOYMENT_TARGET = 17.5;
				LOCALIZATION_PREFERS_STRING_CATALOGS = YES;
				MTL_ENABLE_DEBUG_INFO = NO;
				MTL_FAST_MATH = YES;
				SDKROOT = iphoneos;
				SWIFT_COMPILATION_MODE = wholemodule;
				VALIDATE_PRODUCT = YES;
			};
			name = Release;
		};
		1899AF642C57FEF000B18CF5 /* Debug */ = {
			isa = XCBuildConfiguration;
			buildSettings = {
				ASSETCATALOG_COMPILER_APPICON_NAME = AppIcon;
				ASSETCATALOG_COMPILER_GLOBAL_ACCENT_COLOR_NAME = AccentColor;
				CODE_SIGN_STYLE = Automatic;
				CURRENT_PROJECT_VERSION = 1;
				DEVELOPMENT_ASSET_PATHS = "\"Apple-Framwork/Preview Content\"";
				DEVELOPMENT_TEAM = L795AMD94V;
				ENABLE_PREVIEWS = YES;
				GENERATE_INFOPLIST_FILE = YES;
				INFOPLIST_KEY_UIApplicationSceneManifest_Generation = YES;
				INFOPLIST_KEY_UIApplicationSupportsIndirectInputEvents = YES;
				INFOPLIST_KEY_UILaunchScreen_Generation = YES;
				INFOPLIST_KEY_UISupportedInterfaceOrientations_iPad = "UIInterfaceOrientationPortrait UIInterfaceOrientationPortraitUpsideDown UIInterfaceOrientationLandscapeLeft UIInterfaceOrientationLandscapeRight";
				INFOPLIST_KEY_UISupportedInterfaceOrientations_iPhone = "UIInterfaceOrientationPortrait UIInterfaceOrientationLandscapeLeft UIInterfaceOrientationLandscapeRight";
				IPHONEOS_DEPLOYMENT_TARGET = 15.0;
				LD_RUNPATH_SEARCH_PATHS = (
					"$(inherited)",
					"@executable_path/Frameworks",
				);
				MARKETING_VERSION = 1.0;
				PRODUCT_BUNDLE_IDENTIFIER = "com.akhilesh.weather.Apple-Framwork";
				PRODUCT_NAME = "$(TARGET_NAME)";
				SWIFT_EMIT_LOC_STRINGS = YES;
				SWIFT_VERSION = 5.0;
				TARGETED_DEVICE_FAMILY = "1,2";
			};
			name = Debug;
		};
		1899AF652C57FEF000B18CF5 /* Release */ = {
			isa = XCBuildConfiguration;
			buildSettings = {
				ASSETCATALOG_COMPILER_APPICON_NAME = AppIcon;
				ASSETCATALOG_COMPILER_GLOBAL_ACCENT_COLOR_NAME = AccentColor;
				CODE_SIGN_STYLE = Automatic;
				CURRENT_PROJECT_VERSION = 1;
				DEVELOPMENT_ASSET_PATHS = "\"Apple-Framwork/Preview Content\"";
				DEVELOPMENT_TEAM = L795AMD94V;
				ENABLE_PREVIEWS = YES;
				GENERATE_INFOPLIST_FILE = YES;
				INFOPLIST_KEY_UIApplicationSceneManifest_Generation = YES;
				INFOPLIST_KEY_UIApplicationSupportsIndirectInputEvents = YES;
				INFOPLIST_KEY_UILaunchScreen_Generation = YES;
				INFOPLIST_KEY_UISupportedInterfaceOrientations_iPad = "UIInterfaceOrientationPortrait UIInterfaceOrientationPortraitUpsideDown UIInterfaceOrientationLandscapeLeft UIInterfaceOrientationLandscapeRight";
				INFOPLIST_KEY_UISupportedInterfaceOrientations_iPhone = "UIInterfaceOrientationPortrait UIInterfaceOrientationLandscapeLeft UIInterfaceOrientationLandscapeRight";
				IPHONEOS_DEPLOYMENT_TARGET = 15.0;
				LD_RUNPATH_SEARCH_PATHS = (
					"$(inherited)",
					"@executable_path/Frameworks",
				);
				MARKETING_VERSION = 1.0;
				PRODUCT_BUNDLE_IDENTIFIER = "com.akhilesh.weather.Apple-Framwork";
				PRODUCT_NAME = "$(TARGET_NAME)";
				SWIFT_EMIT_LOC_STRINGS = YES;
				SWIFT_VERSION = 5.0;
				TARGETED_DEVICE_FAMILY = "1,2";
			};
			name = Release;
		};
/* End XCBuildConfiguration section */

/* Begin XCConfigurationList section */
		1899AF502C57FEEF00B18CF5 /* Build configuration list for PBXProject "Apple-Framwork" */ = {
			isa = XCConfigurationList;
			buildConfigurations = (
				1899AF612C57FEF000B18CF5 /* Debug */,
				1899AF622C57FEF000B18CF5 /* Release */,
			);
			defaultConfigurationIsVisible = 0;
			defaultConfigurationName = Release;
		};
		1899AF632C57FEF000B18CF5 /* Build configuration list for PBXNativeTarget "Apple-Framwork" */ = {
			isa = XCConfigurationList;
			buildConfigurations = (
				1899AF642C57FEF000B18CF5 /* Debug */,
				1899AF652C57FEF000B18CF5 /* Release */,
			);
			defaultConfigurationIsVisible = 0;
			defaultConfigurationName = Release;
		};
/* End XCConfigurationList section */
	};
	rootObject = 1899AF4D2C57FEEF00B18CF5 /* Project object */;
}
